
Microsoft Visual Studio Solution File, Format Version 12.00
# Visual Studio Version 17
VisualStudioVersion = 17.10.35013.160
MinimumVisualStudioVersion = 10.0.40219.1
Project("{9A19103F-16F7-4668-BE54-9A1E7A4F7556}") = "Tcp.Server", "Tcp.Server\Tcp.Server.csproj", "{D7326549-284F-4162-B7F3-8D4D4E6CB36C}"
EndProject
Project("{9A19103F-16F7-4668-BE54-9A1E7A4F7556}") = "SimpleLogger", "SimpleLogger\SimpleLogger.csproj", "{FB8B2252-C22D-41DB-91BC-64A5AC31F669}"
EndProject
Project("{FAE04EC0-301F-11D3-BF4B-00C04F79EFBC}") = "Tcp.Client.Wpf", "Tcp.Client.Wpf\Tcp.Client.Wpf.csproj", "{728116A4-A07C-4F35-864C-03D75C263F03}"
EndProject
Global
	GlobalSection(SolutionConfigurationPlatforms) = preSolution
		Debug|Any CPU = Debug|Any CPU
		Release|Any CPU = Release|Any CPU
	EndGlobalSection
	GlobalSection(ProjectConfigurationPlatforms) = postSolution
		{D7326549-284F-4162-B7F3-8D4D4E6CB36C}.Debug|Any CPU.ActiveCfg = Debug|Any CPU
		{D7326549-284F-4162-B7F3-8D4D4E6CB36C}.Debug|Any CPU.Build.0 = Debug|Any CPU
		{D7326549-284F-4162-B7F3-8D4D4E6CB36C}.Release|Any CPU.ActiveCfg = Release|Any CPU
		{D7326549-284F-4162-B7F3-8D4D4E6CB36C}.Release|Any CPU.Build.0 = Release|Any CPU
		{FB8B2252-C22D-41DB-91BC-64A5AC31F669}.Debug|Any CPU.ActiveCfg = Debug|Any CPU
		{FB8B2252-C22D-41DB-91BC-64A5AC31F669}.Debug|Any CPU.Build.0 = Debug|Any CPU
		{FB8B2252-C22D-41DB-91BC-64A5AC31F669}.Release|Any CPU.ActiveCfg = Release|Any CPU
		{FB8B2252-C22D-41DB-91BC-64A5AC31F669}.Release|Any CPU.Build.0 = Release|Any CPU
		{728116A4-A07C-4F35-864C-03D75C263F03}.Debug|Any CPU.ActiveCfg = Debug|Any CPU
		{728116A4-A07C-4F35-864C-03D75C263F03}.Debug|Any CPU.Build.0 = Debug|Any CPU
		{728116A4-A07C-4F35-864C-03D75C263F03}.Release|Any CPU.ActiveCfg = Release|Any CPU
		{728116A4-A07C-4F35-864C-03D75C263F03}.Release|Any CPU.Build.0 = Release|Any CPU
	EndGlobalSection
	GlobalSection(SolutionProperties) = preSolution
		HideSolutionNode = FALSE
	EndGlobalSection
	GlobalSection(ExtensibilityGlobals) = postSolution
		SolutionGuid = {5BF4F4E3-3D87-45CF-B1F1-24EBD1486F40}
	EndGlobalSection
EndGlobal
